// !$*UTF8*$!
{
	archiveVersion = 1;
	classes = {
	};
	objectVersion = 56;
	objects = {

/* Begin PBXBuildFile section */
		A42059F32AB3A52A00569927 /* LocationSearchViewModel.swift in Sources */ = {isa = PBXBuildFile; fileRef = A42059F22AB3A52A00569927 /* LocationSearchViewModel.swift */; };
		A42059F72AB3A63000569927 /* LocationManager.swift in Sources */ = {isa = PBXBuildFile; fileRef = A42059F62AB3A63000569927 /* LocationManager.swift */; };
		A42059F92AB3A96B00569927 /* LocationSearchLoadingState.swift in Sources */ = {isa = PBXBuildFile; fileRef = A42059F82AB3A96B00569927 /* LocationSearchLoadingState.swift */; };
		A42059FF2AB3B68600569927 /* LocationSearchView.swift in Sources */ = {isa = PBXBuildFile; fileRef = A42059FE2AB3B68600569927 /* LocationSearchView.swift */; };
		A4205A012AB4CD4300569927 /* LocationCoordinates.swift in Sources */ = {isa = PBXBuildFile; fileRef = A4205A002AB4CD4300569927 /* LocationCoordinates.swift */; };
		A4205A042AB65D5D00569927 /* SavedLocationsViewModel.swift in Sources */ = {isa = PBXBuildFile; fileRef = A4205A032AB65D5D00569927 /* SavedLocationsViewModel.swift */; };
		A4205A062AB6623400569927 /* SavedLocationsView.swift in Sources */ = {isa = PBXBuildFile; fileRef = A4205A052AB6623400569927 /* SavedLocationsView.swift */; };
		A4E4187D2AB3817C00B1A17B /* AirQualityDetectorApp.swift in Sources */ = {isa = PBXBuildFile; fileRef = A4E4187C2AB3817C00B1A17B /* AirQualityDetectorApp.swift */; };
		A4E4187F2AB3817C00B1A17B /* ContentView.swift in Sources */ = {isa = PBXBuildFile; fileRef = A4E4187E2AB3817C00B1A17B /* ContentView.swift */; };
		A4E418812AB3817E00B1A17B /* Assets.xcassets in Resources */ = {isa = PBXBuildFile; fileRef = A4E418802AB3817E00B1A17B /* Assets.xcassets */; };
		A4E418842AB3817E00B1A17B /* Preview Assets.xcassets in Resources */ = {isa = PBXBuildFile; fileRef = A4E418832AB3817E00B1A17B /* Preview Assets.xcassets */; };
		A4E418862AB3817E00B1A17B /* Persistence.swift in Sources */ = {isa = PBXBuildFile; fileRef = A4E418852AB3817E00B1A17B /* Persistence.swift */; };
		A4E418892AB3817E00B1A17B /* AirQualityDetector.xcdatamodeld in Sources */ = {isa = PBXBuildFile; fileRef = A4E418872AB3817E00B1A17B /* AirQualityDetector.xcdatamodeld */; };
		A4E418912AB3873500B1A17B /* LocationQuality.swift in Sources */ = {isa = PBXBuildFile; fileRef = A4E418902AB3873500B1A17B /* LocationQuality.swift */; };
		A4E418942AB38CC000B1A17B /* LocationSearchService.swift in Sources */ = {isa = PBXBuildFile; fileRef = A4E418932AB38CC000B1A17B /* LocationSearchService.swift */; };
/* End PBXBuildFile section */

/* Begin PBXFileReference section */
		A42059F22AB3A52A00569927 /* LocationSearchViewModel.swift */ = {isa = PBXFileReference; lastKnownFileType = sourcecode.swift; path = LocationSearchViewModel.swift; sourceTree = "<group>"; };
		A42059F62AB3A63000569927 /* LocationManager.swift */ = {isa = PBXFileReference; lastKnownFileType = sourcecode.swift; path = LocationManager.swift; sourceTree = "<group>"; };
		A42059F82AB3A96B00569927 /* LocationSearchLoadingState.swift */ = {isa = PBXFileReference; lastKnownFileType = sourcecode.swift; path = LocationSearchLoadingState.swift; sourceTree = "<group>"; };
		A42059FE2AB3B68600569927 /* LocationSearchView.swift */ = {isa = PBXFileReference; lastKnownFileType = sourcecode.swift; path = LocationSearchView.swift; sourceTree = "<group>"; };
		A4205A002AB4CD4300569927 /* LocationCoordinates.swift */ = {isa = PBXFileReference; fileEncoding = 4; lastKnownFileType = sourcecode.swift; name = LocationCoordinates.swift; path = ../../../../../../../.Trash/LocationCoordinates.swift; sourceTree = "<group>"; };
		A4205A032AB65D5D00569927 /* SavedLocationsViewModel.swift */ = {isa = PBXFileReference; lastKnownFileType = sourcecode.swift; path = SavedLocationsViewModel.swift; sourceTree = "<group>"; };
		A4205A052AB6623400569927 /* SavedLocationsView.swift */ = {isa = PBXFileReference; lastKnownFileType = sourcecode.swift; path = SavedLocationsView.swift; sourceTree = "<group>"; };
		A4E418792AB3817C00B1A17B /* AirQualityDetector.app */ = {isa = PBXFileReference; explicitFileType = wrapper.application; includeInIndex = 0; path = AirQualityDetector.app; sourceTree = BUILT_PRODUCTS_DIR; };
		A4E4187C2AB3817C00B1A17B /* AirQualityDetectorApp.swift */ = {isa = PBXFileReference; lastKnownFileType = sourcecode.swift; path = AirQualityDetectorApp.swift; sourceTree = "<group>"; };
		A4E4187E2AB3817C00B1A17B /* ContentView.swift */ = {isa = PBXFileReference; lastKnownFileType = sourcecode.swift; path = ContentView.swift; sourceTree = "<group>"; };
		A4E418802AB3817E00B1A17B /* Assets.xcassets */ = {isa = PBXFileReference; lastKnownFileType = folder.assetcatalog; path = Assets.xcassets; sourceTree = "<group>"; };
		A4E418832AB3817E00B1A17B /* Preview Assets.xcassets */ = {isa = PBXFileReference; lastKnownFileType = folder.assetcatalog; path = "Preview Assets.xcassets"; sourceTree = "<group>"; };
		A4E418852AB3817E00B1A17B /* Persistence.swift */ = {isa = PBXFileReference; lastKnownFileType = sourcecode.swift; path = Persistence.swift; sourceTree = "<group>"; };
		A4E418882AB3817E00B1A17B /* AirQualityDetector.xcdatamodel */ = {isa = PBXFileReference; lastKnownFileType = wrapper.xcdatamodel; path = AirQualityDetector.xcdatamodel; sourceTree = "<group>"; };
		A4E418902AB3873500B1A17B /* LocationQuality.swift */ = {isa = PBXFileReference; lastKnownFileType = sourcecode.swift; path = LocationQuality.swift; sourceTree = "<group>"; };
		A4E418932AB38CC000B1A17B /* LocationSearchService.swift */ = {isa = PBXFileReference; lastKnownFileType = sourcecode.swift; path = LocationSearchService.swift; sourceTree = "<group>"; };
/* End PBXFileReference section */

/* Begin PBXFrameworksBuildPhase section */
		A4E418762AB3817C00B1A17B /* Frameworks */ = {
			isa = PBXFrameworksBuildPhase;
			buildActionMask = 2147483647;
			files = (
			);
			runOnlyForDeploymentPostprocessing = 0;
		};
/* End PBXFrameworksBuildPhase section */

/* Begin PBXGroup section */
		A42059F52AB3A62500569927 /* Shared */ = {
			isa = PBXGroup;
			children = (
				A42059F82AB3A96B00569927 /* LocationSearchLoadingState.swift */,
				A42059F62AB3A63000569927 /* LocationManager.swift */,
			);
			path = Shared;
			sourceTree = "<group>";
		};
		A4E418702AB3817C00B1A17B = {
			isa = PBXGroup;
			children = (
				A4E4187B2AB3817C00B1A17B /* AirQualityDetector */,
				A4E4187A2AB3817C00B1A17B /* Products */,
			);
			sourceTree = "<group>";
		};
		A4E4187A2AB3817C00B1A17B /* Products */ = {
			isa = PBXGroup;
			children = (
				A4E418792AB3817C00B1A17B /* AirQualityDetector.app */,
			);
			name = Products;
			sourceTree = "<group>";
		};
		A4E4187B2AB3817C00B1A17B /* AirQualityDetector */ = {
			isa = PBXGroup;
			children = (
				A4E4188F2AB386D500B1A17B /* Models */,
				A4FD1D2D2AB6C000003AF59D /* Views */,
				A4FD1D2E2AB6C00B003AF59D /* ViewModels */,
				A4FD1D2F2AB6C03F003AF59D /* Services */,
				A42059F52AB3A62500569927 /* Shared */,
				A4E418802AB3817E00B1A17B /* Assets.xcassets */,
				A4E4187C2AB3817C00B1A17B /* AirQualityDetectorApp.swift */,
				A4E418852AB3817E00B1A17B /* Persistence.swift */,
				A4E418872AB3817E00B1A17B /* AirQualityDetector.xcdatamodeld */,
				A4E418822AB3817E00B1A17B /* Preview Content */,
			);
			path = AirQualityDetector;
			sourceTree = "<group>";
		};
		A4E418822AB3817E00B1A17B /* Preview Content */ = {
			isa = PBXGroup;
			children = (
				A4E418832AB3817E00B1A17B /* Preview Assets.xcassets */,
			);
			path = "Preview Content";
			sourceTree = "<group>";
		};
		A4E4188F2AB386D500B1A17B /* Models */ = {
			isa = PBXGroup;
			children = (
				A4E418902AB3873500B1A17B /* LocationQuality.swift */,
				A4205A002AB4CD4300569927 /* LocationCoordinates.swift */,
			);
			path = Models;
			sourceTree = "<group>";
		};
		A4FD1D2D2AB6C000003AF59D /* Views */ = {
			isa = PBXGroup;
			children = (
				A42059FE2AB3B68600569927 /* LocationSearchView.swift */,
				A4205A052AB6623400569927 /* SavedLocationsView.swift */,
				A4E4187E2AB3817C00B1A17B /* ContentView.swift */,
			);
			path = Views;
			sourceTree = "<group>";
		};
		A4FD1D2E2AB6C00B003AF59D /* ViewModels */ = {
			isa = PBXGroup;
			children = (
				A4205A032AB65D5D00569927 /* SavedLocationsViewModel.swift */,
				A42059F22AB3A52A00569927 /* LocationSearchViewModel.swift */,
			);
			path = ViewModels;
			sourceTree = "<group>";
		};
		A4FD1D2F2AB6C03F003AF59D /* Services */ = {
			isa = PBXGroup;
			children = (
				A4E418932AB38CC000B1A17B /* LocationSearchService.swift */,
			);
			path = Services;
			sourceTree = "<group>";
		};
/* End PBXGroup section */

/* Begin PBXNativeTarget section */
		A4E418782AB3817C00B1A17B /* AirQualityDetector */ = {
			isa = PBXNativeTarget;
			buildConfigurationList = A4E4188C2AB3817E00B1A17B /* Build configuration list for PBXNativeTarget "AirQualityDetector" */;
			buildPhases = (
				A4E418752AB3817C00B1A17B /* Sources */,
				A4E418762AB3817C00B1A17B /* Frameworks */,
				A4E418772AB3817C00B1A17B /* Resources */,
			);
			buildRules = (
			);
			dependencies = (
			);
			name = AirQualityDetector;
			productName = AirQualityDetector;
			productReference = A4E418792AB3817C00B1A17B /* AirQualityDetector.app */;
			productType = "com.apple.product-type.application";
		};
/* End PBXNativeTarget section */

/* Begin PBXProject section */
		A4E418712AB3817C00B1A17B /* Project object */ = {
			isa = PBXProject;
			attributes = {
				BuildIndependentTargetsInParallel = 1;
				LastSwiftUpdateCheck = 1430;
				LastUpgradeCheck = 1430;
				TargetAttributes = {
					A4E418782AB3817C00B1A17B = {
						CreatedOnToolsVersion = 14.3.1;
					};
				};
			};
			buildConfigurationList = A4E418742AB3817C00B1A17B /* Build configuration list for PBXProject "AirQualityDetector" */;
			compatibilityVersion = "Xcode 14.0";
			developmentRegion = en;
			hasScannedForEncodings = 0;
			knownRegions = (
				en,
				Base,
			);
			mainGroup = A4E418702AB3817C00B1A17B;
			productRefGroup = A4E4187A2AB3817C00B1A17B /* Products */;
			projectDirPath = "";
			projectRoot = "";
			targets = (
				A4E418782AB3817C00B1A17B /* AirQualityDetector */,
			);
		};
/* End PBXProject section */

/* Begin PBXResourcesBuildPhase section */
		A4E418772AB3817C00B1A17B /* Resources */ = {
			isa = PBXResourcesBuildPhase;
			buildActionMask = 2147483647;
			files = (
				A4E418842AB3817E00B1A17B /* Preview Assets.xcassets in Resources */,
				A4E418812AB3817E00B1A17B /* Assets.xcassets in Resources */,
			);
			runOnlyForDeploymentPostprocessing = 0;
		};
/* End PBXResourcesBuildPhase section */

/* Begin PBXSourcesBuildPhase section */
		A4E418752AB3817C00B1A17B /* Sources */ = {
			isa = PBXSourcesBuildPhase;
			buildActionMask = 2147483647;
			files = (
				A4E418942AB38CC000B1A17B /* LocationSearchService.swift in Sources */,
				A4E418862AB3817E00B1A17B /* Persistence.swift in Sources */,
				A4E418912AB3873500B1A17B /* LocationQuality.swift in Sources */,
				A4205A042AB65D5D00569927 /* SavedLocationsViewModel.swift in Sources */,
				A42059FF2AB3B68600569927 /* LocationSearchView.swift in Sources */,
				A4205A012AB4CD4300569927 /* LocationCoordinates.swift in Sources */,
				A4205A062AB6623400569927 /* SavedLocationsView.swift in Sources */,
				A4E4187F2AB3817C00B1A17B /* ContentView.swift in Sources */,
				A42059F72AB3A63000569927 /* LocationManager.swift in Sources */,
				A42059F92AB3A96B00569927 /* LocationSearchLoadingState.swift in Sources */,
				A42059F32AB3A52A00569927 /* LocationSearchViewModel.swift in Sources */,
				A4E418892AB3817E00B1A17B /* AirQualityDetector.xcdatamodeld in Sources */,
				A4E4187D2AB3817C00B1A17B /* AirQualityDetectorApp.swift in Sources */,
			);
			runOnlyForDeploymentPostprocessing = 0;
		};
/* End PBXSourcesBuildPhase section */

/* Begin XCBuildConfiguration section */
		A4E4188A2AB3817E00B1A17B /* Debug */ = {
			isa = XCBuildConfiguration;
			buildSettings = {
				ALWAYS_SEARCH_USER_PATHS = NO;
				CLANG_ANALYZER_NONNULL = YES;
				CLANG_ANALYZER_NUMBER_OBJECT_CONVERSION = YES_AGGRESSIVE;
				CLANG_CXX_LANGUAGE_STANDARD = "gnu++20";
				CLANG_ENABLE_MODULES = YES;
				CLANG_ENABLE_OBJC_ARC = YES;
				CLANG_ENABLE_OBJC_WEAK = YES;
				CLANG_WARN_BLOCK_CAPTURE_AUTORELEASING = YES;
				CLANG_WARN_BOOL_CONVERSION = YES;
				CLANG_WARN_COMMA = YES;
				CLANG_WARN_CONSTANT_CONVERSION = YES;
				CLANG_WARN_DEPRECATED_OBJC_IMPLEMENTATIONS = YES;
				CLANG_WARN_DIRECT_OBJC_ISA_USAGE = YES_ERROR;
				CLANG_WARN_DOCUMENTATION_COMMENTS = YES;
				CLANG_WARN_EMPTY_BODY = YES;
				CLANG_WARN_ENUM_CONVERSION = YES;
				CLANG_WARN_INFINITE_RECURSION = YES;
				CLANG_WARN_INT_CONVERSION = YES;
				CLANG_WARN_NON_LITERAL_NULL_CONVERSION = YES;
				CLANG_WARN_OBJC_IMPLICIT_RETAIN_SELF = YES;
				CLANG_WARN_OBJC_LITERAL_CONVERSION = YES;
				CLANG_WARN_OBJC_ROOT_CLASS = YES_ERROR;
				CLANG_WARN_QUOTED_INCLUDE_IN_FRAMEWORK_HEADER = YES;
				CLANG_WARN_RANGE_LOOP_ANALYSIS = YES;
				CLANG_WARN_STRICT_PROTOTYPES = YES;
				CLANG_WARN_SUSPICIOUS_MOVE = YES;
				CLANG_WARN_UNGUARDED_AVAILABILITY = YES_AGGRESSIVE;
				CLANG_WARN_UNREACHABLE_CODE = YES;
				CLANG_WARN__DUPLICATE_METHOD_MATCH = YES;
				COPY_PHASE_STRIP = NO;
				DEBUG_INFORMATION_FORMAT = dwarf;
				ENABLE_STRICT_OBJC_MSGSEND = YES;
				ENABLE_TESTABILITY = YES;
				GCC_C_LANGUAGE_STANDARD = gnu11;
				GCC_DYNAMIC_NO_PIC = NO;
				GCC_NO_COMMON_BLOCKS = YES;
				GCC_OPTIMIZATION_LEVEL = 0;
				GCC_PREPROCESSOR_DEFINITIONS = (
					"DEBUG=1",
					"$(inherited)",
				);
				GCC_WARN_64_TO_32_BIT_CONVERSION = YES;
				GCC_WARN_ABOUT_RETURN_TYPE = YES_ERROR;
				GCC_WARN_UNDECLARED_SELECTOR = YES;
				GCC_WARN_UNINITIALIZED_AUTOS = YES_AGGRESSIVE;
				GCC_WARN_UNUSED_FUNCTION = YES;
				GCC_WARN_UNUSED_VARIABLE = YES;
				IPHONEOS_DEPLOYMENT_TARGET = 16.4;
				MTL_ENABLE_DEBUG_INFO = INCLUDE_SOURCE;
				MTL_FAST_MATH = YES;
				ONLY_ACTIVE_ARCH = YES;
				SDKROOT = iphoneos;
				SWIFT_ACTIVE_COMPILATION_CONDITIONS = DEBUG;
				SWIFT_OPTIMIZATION_LEVEL = "-Onone";
			};
			name = Debug;
		};
		A4E4188B2AB3817E00B1A17B /* Release */ = {
			isa = XCBuildConfiguration;
			buildSettings = {
				ALWAYS_SEARCH_USER_PATHS = NO;
				CLANG_ANALYZER_NONNULL = YES;
				CLANG_ANALYZER_NUMBER_OBJECT_CONVERSION = YES_AGGRESSIVE;
				CLANG_CXX_LANGUAGE_STANDARD = "gnu++20";
				CLANG_ENABLE_MODULES = YES;
				CLANG_ENABLE_OBJC_ARC = YES;
				CLANG_ENABLE_OBJC_WEAK = YES;
				CLANG_WARN_BLOCK_CAPTURE_AUTORELEASING = YES;
				CLANG_WARN_BOOL_CONVERSION = YES;
				CLANG_WARN_COMMA = YES;
				CLANG_WARN_CONSTANT_CONVERSION = YES;
				CLANG_WARN_DEPRECATED_OBJC_IMPLEMENTATIONS = YES;
				CLANG_WARN_DIRECT_OBJC_ISA_USAGE = YES_ERROR;
				CLANG_WARN_DOCUMENTATION_COMMENTS = YES;
				CLANG_WARN_EMPTY_BODY = YES;
				CLANG_WARN_ENUM_CONVERSION = YES;
				CLANG_WARN_INFINITE_RECURSION = YES;
				CLANG_WARN_INT_CONVERSION = YES;
				CLANG_WARN_NON_LITERAL_NULL_CONVERSION = YES;
				CLANG_WARN_OBJC_IMPLICIT_RETAIN_SELF = YES;
				CLANG_WARN_OBJC_LITERAL_CONVERSION = YES;
				CLANG_WARN_OBJC_ROOT_CLASS = YES_ERROR;
				CLANG_WARN_QUOTED_INCLUDE_IN_FRAMEWORK_HEADER = YES;
				CLANG_WARN_RANGE_LOOP_ANALYSIS = YES;
				CLANG_WARN_STRICT_PROTOTYPES = YES;
				CLANG_WARN_SUSPICIOUS_MOVE = YES;
				CLANG_WARN_UNGUARDED_AVAILABILITY = YES_AGGRESSIVE;
				CLANG_WARN_UNREACHABLE_CODE = YES;
				CLANG_WARN__DUPLICATE_METHOD_MATCH = YES;
				COPY_PHASE_STRIP = NO;
				DEBUG_INFORMATION_FORMAT = "dwarf-with-dsym";
				ENABLE_NS_ASSERTIONS = NO;
				ENABLE_STRICT_OBJC_MSGSEND = YES;
				GCC_C_LANGUAGE_STANDARD = gnu11;
				GCC_NO_COMMON_BLOCKS = YES;
				GCC_WARN_64_TO_32_BIT_CONVERSION = YES;
				GCC_WARN_ABOUT_RETURN_TYPE = YES_ERROR;
				GCC_WARN_UNDECLARED_SELECTOR = YES;
				GCC_WARN_UNINITIALIZED_AUTOS = YES_AGGRESSIVE;
				GCC_WARN_UNUSED_FUNCTION = YES;
				GCC_WARN_UNUSED_VARIABLE = YES;
				IPHONEOS_DEPLOYMENT_TARGET = 16.4;
				MTL_ENABLE_DEBUG_INFO = NO;
				MTL_FAST_MATH = YES;
				SDKROOT = iphoneos;
				SWIFT_COMPILATION_MODE = wholemodule;
				SWIFT_OPTIMIZATION_LEVEL = "-O";
				VALIDATE_PRODUCT = YES;
			};
			name = Release;
		};
		A4E4188D2AB3817E00B1A17B /* Debug */ = {
			isa = XCBuildConfiguration;
			buildSettings = {
				ASSETCATALOG_COMPILER_APPICON_NAME = AppIcon;
				ASSETCATALOG_COMPILER_GLOBAL_ACCENT_COLOR_NAME = AccentColor;
				CODE_SIGN_STYLE = Automatic;
				CURRENT_PROJECT_VERSION = 1;
				DEVELOPMENT_ASSET_PATHS = "\"AirQualityDetector/Preview Content\"";
				DEVELOPMENT_TEAM = 68A97LHPP6;
				ENABLE_PREVIEWS = YES;
				GENERATE_INFOPLIST_FILE = YES;
				INFOPLIST_KEY_NSLocationWhenInUseUsageDescription = "Ask for location";
				INFOPLIST_KEY_UIApplicationSceneManifest_Generation = YES;
				INFOPLIST_KEY_UIApplicationSupportsIndirectInputEvents = YES;
				INFOPLIST_KEY_UILaunchScreen_Generation = YES;
				INFOPLIST_KEY_UISupportedInterfaceOrientations_iPad = "UIInterfaceOrientationPortrait UIInterfaceOrientationPortraitUpsideDown UIInterfaceOrientationLandscapeLeft UIInterfaceOrientationLandscapeRight";
				INFOPLIST_KEY_UISupportedInterfaceOrientations_iPhone = "UIInterfaceOrientationPortrait UIInterfaceOrientationLandscapeLeft UIInterfaceOrientationLandscapeRight";
				LD_RUNPATH_SEARCH_PATHS = (
					"$(inherited)",
					"@executable_path/Frameworks",
				);
				MARKETING_VERSION = 1.0;
				PRODUCT_BUNDLE_IDENTIFIER = appteamfp.AirQualityDetector;
				PRODUCT_NAME = "$(TARGET_NAME)";
				SWIFT_EMIT_LOC_STRINGS = YES;
				SWIFT_VERSION = 5.0;
				TARGETED_DEVICE_FAMILY = "1,2";
			};
			name = Debug;
		};
		A4E4188E2AB3817E00B1A17B /* Release */ = {
			isa = XCBuildConfiguration;
			buildSettings = {
				ASSETCATALOG_COMPILER_APPICON_NAME = AppIcon;
				ASSETCATALOG_COMPILER_GLOBAL_ACCENT_COLOR_NAME = AccentColor;
				CODE_SIGN_STYLE = Automatic;
				CURRENT_PROJECT_VERSION = 1;
				DEVELOPMENT_ASSET_PATHS = "\"AirQualityDetector/Preview Content\"";
				DEVELOPMENT_TEAM = 68A97LHPP6;
				ENABLE_PREVIEWS = YES;
				GENERATE_INFOPLIST_FILE = YES;
				INFOPLIST_KEY_NSLocationWhenInUseUsageDescription = "Ask for location";
				INFOPLIST_KEY_UIApplicationSceneManifest_Generation = YES;
				INFOPLIST_KEY_UIApplicationSupportsIndirectInputEvents = YES;
				INFOPLIST_KEY_UILaunchScreen_Generation = YES;
				INFOPLIST_KEY_UISupportedInterfaceOrientations_iPad = "UIInterfaceOrientationPortrait UIInterfaceOrientationPortraitUpsideDown UIInterfaceOrientationLandscapeLeft UIInterfaceOrientationLandscapeRight";
				INFOPLIST_KEY_UISupportedInterfaceOrientations_iPhone = "UIInterfaceOrientationPortrait UIInterfaceOrientationLandscapeLeft UIInterfaceOrientationLandscapeRight";
				LD_RUNPATH_SEARCH_PATHS = (
					"$(inherited)",
					"@executable_path/Frameworks",
				);
				MARKETING_VERSION = 1.0;
				PRODUCT_BUNDLE_IDENTIFIER = appteamfp.AirQualityDetector;
				PRODUCT_NAME = "$(TARGET_NAME)";
				SWIFT_EMIT_LOC_STRINGS = YES;
				SWIFT_VERSION = 5.0;
				TARGETED_DEVICE_FAMILY = "1,2";
			};
			name = Release;
		};
/* End XCBuildConfiguration section */

/* Begin XCConfigurationList section */
		A4E418742AB3817C00B1A17B /* Build configuration list for PBXProject "AirQualityDetector" */ = {
			isa = XCConfigurationList;
			buildConfigurations = (
				A4E4188A2AB3817E00B1A17B /* Debug */,
				A4E4188B2AB3817E00B1A17B /* Release */,
			);
			defaultConfigurationIsVisible = 0;
			defaultConfigurationName = Release;
		};
		A4E4188C2AB3817E00B1A17B /* Build configuration list for PBXNativeTarget "AirQualityDetector" */ = {
			isa = XCConfigurationList;
			buildConfigurations = (
				A4E4188D2AB3817E00B1A17B /* Debug */,
				A4E4188E2AB3817E00B1A17B /* Release */,
			);
			defaultConfigurationIsVisible = 0;
			defaultConfigurationName = Release;
		};
/* End XCConfigurationList section */

/* Begin XCVersionGroup section */
		A4E418872AB3817E00B1A17B /* AirQualityDetector.xcdatamodeld */ = {
			isa = XCVersionGroup;
			children = (
				A4E418882AB3817E00B1A17B /* AirQualityDetector.xcdatamodel */,
			);
			currentVersion = A4E418882AB3817E00B1A17B /* AirQualityDetector.xcdatamodel */;
			path = AirQualityDetector.xcdatamodeld;
			sourceTree = "<group>";
			versionGroupType = wrapper.xcdatamodel;
		};
/* End XCVersionGroup section */
	};
	rootObject = A4E418712AB3817C00B1A17B /* Project object */;
}
